// !$*UTF8*$!
{
	archiveVersion = 1;
	classes = {
	};
	objectVersion = 55;
	objects = {

/* Begin PBXBuildFile section */
		32692A8B2765C72D00739CE7 /* AppDelegate.swift in Sources */ = {isa = PBXBuildFile; fileRef = 32692A8A2765C72D00739CE7 /* AppDelegate.swift */; };
		32692A8D2765C72D00739CE7 /* SceneDelegate.swift in Sources */ = {isa = PBXBuildFile; fileRef = 32692A8C2765C72D00739CE7 /* SceneDelegate.swift */; };
		32692A8F2765C72D00739CE7 /* ViewController.swift in Sources */ = {isa = PBXBuildFile; fileRef = 32692A8E2765C72D00739CE7 /* ViewController.swift */; };
		32692A922765C72D00739CE7 /* Main.storyboard in Resources */ = {isa = PBXBuildFile; fileRef = 32692A902765C72D00739CE7 /* Main.storyboard */; };
		32692A942765C73400739CE7 /* Assets.xcassets in Resources */ = {isa = PBXBuildFile; fileRef = 32692A932765C73400739CE7 /* Assets.xcassets */; };
		32692A972765C73400739CE7 /* LaunchScreen.storyboard in Resources */ = {isa = PBXBuildFile; fileRef = 32692A952765C73400739CE7 /* LaunchScreen.storyboard */; };
		32692AA22765C73500739CE7 /* final_projectTests.swift in Sources */ = {isa = PBXBuildFile; fileRef = 32692AA12765C73500739CE7 /* final_projectTests.swift */; };
		32692AAC2765C73500739CE7 /* final_projectUITests.swift in Sources */ = {isa = PBXBuildFile; fileRef = 32692AAB2765C73500739CE7 /* final_projectUITests.swift */; };
		32692AAE2765C73500739CE7 /* final_projectUITestsLaunchTests.swift in Sources */ = {isa = PBXBuildFile; fileRef = 32692AAD2765C73500739CE7 /* final_projectUITestsLaunchTests.swift */; };
/* End PBXBuildFile section */

/* Begin PBXContainerItemProxy section */
		32692A9E2765C73400739CE7 /* PBXContainerItemProxy */ = {
			isa = PBXContainerItemProxy;
			containerPortal = 32692A7F2765C72D00739CE7 /* Project object */;
			proxyType = 1;
			remoteGlobalIDString = 32692A862765C72D00739CE7;
			remoteInfo = final_project;
		};
		32692AA82765C73500739CE7 /* PBXContainerItemProxy */ = {
			isa = PBXContainerItemProxy;
			containerPortal = 32692A7F2765C72D00739CE7 /* Project object */;
			proxyType = 1;
			remoteGlobalIDString = 32692A862765C72D00739CE7;
			remoteInfo = final_project;
		};
/* End PBXContainerItemProxy section */

/* Begin PBXFileReference section */
		32692A872765C72D00739CE7 /* final_project.app */ = {isa = PBXFileReference; explicitFileType = wrapper.application; includeInIndex = 0; path = final_project.app; sourceTree = BUILT_PRODUCTS_DIR; };
		32692A8A2765C72D00739CE7 /* AppDelegate.swift */ = {isa = PBXFileReference; lastKnownFileType = sourcecode.swift; path = AppDelegate.swift; sourceTree = "<group>"; };
		32692A8C2765C72D00739CE7 /* SceneDelegate.swift */ = {isa = PBXFileReference; lastKnownFileType = sourcecode.swift; path = SceneDelegate.swift; sourceTree = "<group>"; };
		32692A8E2765C72D00739CE7 /* ViewController.swift */ = {isa = PBXFileReference; lastKnownFileType = sourcecode.swift; path = ViewController.swift; sourceTree = "<group>"; };
		32692A912765C72D00739CE7 /* Base */ = {isa = PBXFileReference; lastKnownFileType = file.storyboard; name = Base; path = Base.lproj/Main.storyboard; sourceTree = "<group>"; };
		32692A932765C73400739CE7 /* Assets.xcassets */ = {isa = PBXFileReference; lastKnownFileType = folder.assetcatalog; path = Assets.xcassets; sourceTree = "<group>"; };
		32692A962765C73400739CE7 /* Base */ = {isa = PBXFileReference; lastKnownFileType = file.storyboard; name = Base; path = Base.lproj/LaunchScreen.storyboard; sourceTree = "<group>"; };
		32692A982765C73400739CE7 /* Info.plist */ = {isa = PBXFileReference; lastKnownFileType = text.plist.xml; path = Info.plist; sourceTree = "<group>"; };
		32692A9D2765C73400739CE7 /* final_projectTests.xctest */ = {isa = PBXFileReference; explicitFileType = wrapper.cfbundle; includeInIndex = 0; path = final_projectTests.xctest; sourceTree = BUILT_PRODUCTS_DIR; };
		32692AA12765C73500739CE7 /* final_projectTests.swift */ = {isa = PBXFileReference; lastKnownFileType = sourcecode.swift; path = final_projectTests.swift; sourceTree = "<group>"; };
		32692AA72765C73500739CE7 /* final_projectUITests.xctest */ = {isa = PBXFileReference; explicitFileType = wrapper.cfbundle; includeInIndex = 0; path = final_projectUITests.xctest; sourceTree = BUILT_PRODUCTS_DIR; };
		32692AAB2765C73500739CE7 /* final_projectUITests.swift */ = {isa = PBXFileReference; lastKnownFileType = sourcecode.swift; path = final_projectUITests.swift; sourceTree = "<group>"; };
		32692AAD2765C73500739CE7 /* final_projectUITestsLaunchTests.swift */ = {isa = PBXFileReference; lastKnownFileType = sourcecode.swift; path = final_projectUITestsLaunchTests.swift; sourceTree = "<group>"; };
/* End PBXFileReference section */

/* Begin PBXFrameworksBuildPhase section */
		32692A842765C72D00739CE7 /* Frameworks */ = {
			isa = PBXFrameworksBuildPhase;
			buildActionMask = 2147483647;
			files = (
			);
			runOnlyForDeploymentPostprocessing = 0;
		};
		32692A9A2765C73400739CE7 /* Frameworks */ = {
			isa = PBXFrameworksBuildPhase;
			buildActionMask = 2147483647;
			files = (
			);
			runOnlyForDeploymentPostprocessing = 0;
		};
		32692AA42765C73500739CE7 /* Frameworks */ = {
			isa = PBXFrameworksBuildPhase;
			buildActionMask = 2147483647;
			files = (
			);
			runOnlyForDeploymentPostprocessing = 0;
		};
/* End PBXFrameworksBuildPhase section */

/* Begin PBXGroup section */
		32692A7E2765C72D00739CE7 = {
			isa = PBXGroup;
			children = (
				32692A892765C72D00739CE7 /* final_project */,
				32692AA02765C73500739CE7 /* final_projectTests */,
				32692AAA2765C73500739CE7 /* final_projectUITests */,
				32692A882765C72D00739CE7 /* Products */,
			);
			sourceTree = "<group>";
		};
		32692A882765C72D00739CE7 /* Products */ = {
			isa = PBXGroup;
			children = (
				32692A872765C72D00739CE7 /* final_project.app */,
				32692A9D2765C73400739CE7 /* final_projectTests.xctest */,
				32692AA72765C73500739CE7 /* final_projectUITests.xctest */,
			);
			name = Products;
			sourceTree = "<group>";
		};
		32692A892765C72D00739CE7 /* final_project */ = {
			isa = PBXGroup;
			children = (
				32692A8A2765C72D00739CE7 /* AppDelegate.swift */,
				32692A8C2765C72D00739CE7 /* SceneDelegate.swift */,
				32692A8E2765C72D00739CE7 /* ViewController.swift */,
				32692A902765C72D00739CE7 /* Main.storyboard */,
				32692A932765C73400739CE7 /* Assets.xcassets */,
				32692A952765C73400739CE7 /* LaunchScreen.storyboard */,
				32692A982765C73400739CE7 /* Info.plist */,
			);
			path = final_project;
			sourceTree = "<group>";
		};
		32692AA02765C73500739CE7 /* final_projectTests */ = {
			isa = PBXGroup;
			children = (
				32692AA12765C73500739CE7 /* final_projectTests.swift */,
			);
			path = final_projectTests;
			sourceTree = "<group>";
		};
		32692AAA2765C73500739CE7 /* final_projectUITests */ = {
			isa = PBXGroup;
			children = (
				32692AAB2765C73500739CE7 /* final_projectUITests.swift */,
				32692AAD2765C73500739CE7 /* final_projectUITestsLaunchTests.swift */,
			);
			path = final_projectUITests;
			sourceTree = "<group>";
		};
/* End PBXGroup section */

/* Begin PBXNativeTarget section */
		32692A862765C72D00739CE7 /* final_project */ = {
			isa = PBXNativeTarget;
			buildConfigurationList = 32692AB12765C73500739CE7 /* Build configuration list for PBXNativeTarget "final_project" */;
			buildPhases = (
				32692A832765C72D00739CE7 /* Sources */,
				32692A842765C72D00739CE7 /* Frameworks */,
				32692A852765C72D00739CE7 /* Resources */,
			);
			buildRules = (
			);
			dependencies = (
			);
			name = final_project;
			productName = final_project;
			productReference = 32692A872765C72D00739CE7 /* final_project.app */;
			productType = "com.apple.product-type.application";
		};
		32692A9C2765C73400739CE7 /* final_projectTests */ = {
			isa = PBXNativeTarget;
			buildConfigurationList = 32692AB42765C73500739CE7 /* Build configuration list for PBXNativeTarget "final_projectTests" */;
			buildPhases = (
				32692A992765C73400739CE7 /* Sources */,
				32692A9A2765C73400739CE7 /* Frameworks */,
				32692A9B2765C73400739CE7 /* Resources */,
			);
			buildRules = (
			);
			dependencies = (
				32692A9F2765C73400739CE7 /* PBXTargetDependency */,
			);
			name = final_projectTests;
			productName = final_projectTests;
			productReference = 32692A9D2765C73400739CE7 /* final_projectTests.xctest */;
			productType = "com.apple.product-type.bundle.unit-test";
		};
		32692AA62765C73500739CE7 /* final_projectUITests */ = {
			isa = PBXNativeTarget;
			buildConfigurationList = 32692AB72765C73500739CE7 /* Build configuration list for PBXNativeTarget "final_projectUITests" */;
			buildPhases = (
				32692AA32765C73500739CE7 /* Sources */,
				32692AA42765C73500739CE7 /* Frameworks */,
				32692AA52765C73500739CE7 /* Resources */,
			);
			buildRules = (
			);
			dependencies = (
				32692AA92765C73500739CE7 /* PBXTargetDependency */,
			);
			name = final_projectUITests;
			productName = final_projectUITests;
			productReference = 32692AA72765C73500739CE7 /* final_projectUITests.xctest */;
			productType = "com.apple.product-type.bundle.ui-testing";
		};
/* End PBXNativeTarget section */

/* Begin PBXProject section */
		32692A7F2765C72D00739CE7 /* Project object */ = {
			isa = PBXProject;
			attributes = {
				BuildIndependentTargetsInParallel = 1;
				LastSwiftUpdateCheck = 1300;
				LastUpgradeCheck = 1300;
				TargetAttributes = {
					32692A862765C72D00739CE7 = {
						CreatedOnToolsVersion = 13.0;
					};
					32692A9C2765C73400739CE7 = {
						CreatedOnToolsVersion = 13.0;
						TestTargetID = 32692A862765C72D00739CE7;
					};
					32692AA62765C73500739CE7 = {
						CreatedOnToolsVersion = 13.0;
						TestTargetID = 32692A862765C72D00739CE7;
					};
				};
			};
			buildConfigurationList = 32692A822765C72D00739CE7 /* Build configuration list for PBXProject "final_project" */;
			compatibilityVersion = "Xcode 13.0";
			developmentRegion = en;
			hasScannedForEncodings = 0;
			knownRegions = (
				en,
				Base,
			);
			mainGroup = 32692A7E2765C72D00739CE7;
			productRefGroup = 32692A882765C72D00739CE7 /* Products */;
			projectDirPath = "";
			projectRoot = "";
			targets = (
				32692A862765C72D00739CE7 /* final_project */,
				32692A9C2765C73400739CE7 /* final_projectTests */,
				32692AA62765C73500739CE7 /* final_projectUITests */,
			);
		};
/* End PBXProject section */

/* Begin PBXResourcesBuildPhase section */
		32692A852765C72D00739CE7 /* Resources */ = {
			isa = PBXResourcesBuildPhase;
			buildActionMask = 2147483647;
			files = (
				32692A972765C73400739CE7 /* LaunchScreen.storyboard in Resources */,
				32692A942765C73400739CE7 /* Assets.xcassets in Resources */,
				32692A922765C72D00739CE7 /* Main.storyboard in Resources */,
			);
			runOnlyForDeploymentPostprocessing = 0;
		};
		32692A9B2765C73400739CE7 /* Resources */ = {
			isa = PBXResourcesBuildPhase;
			buildActionMask = 2147483647;
			files = (
			);
			runOnlyForDeploymentPostprocessing = 0;
		};
		32692AA52765C73500739CE7 /* Resources */ = {
			isa = PBXResourcesBuildPhase;
			buildActionMask = 2147483647;
			files = (
			);
			runOnlyForDeploymentPostprocessing = 0;
		};
/* End PBXResourcesBuildPhase section */

/* Begin PBXSourcesBuildPhase section */
		32692A832765C72D00739CE7 /* Sources */ = {
			isa = PBXSourcesBuildPhase;
			buildActionMask = 2147483647;
			files = (
				32692A8F2765C72D00739CE7 /* ViewController.swift in Sources */,
				32692A8B2765C72D00739CE7 /* AppDelegate.swift in Sources */,
				32692A8D2765C72D00739CE7 /* SceneDelegate.swift in Sources */,
			);
			runOnlyForDeploymentPostprocessing = 0;
		};
		32692A992765C73400739CE7 /* Sources */ = {
			isa = PBXSourcesBuildPhase;
			buildActionMask = 2147483647;
			files = (
				32692AA22765C73500739CE7 /* final_projectTests.swift in Sources */,
			);
			runOnlyForDeploymentPostprocessing = 0;
		};
		32692AA32765C73500739CE7 /* Sources */ = {
			isa = PBXSourcesBuildPhase;
			buildActionMask = 2147483647;
			files = (
				32692AAC2765C73500739CE7 /* final_projectUITests.swift in Sources */,
				32692AAE2765C73500739CE7 /* final_projectUITestsLaunchTests.swift in Sources */,
			);
			runOnlyForDeploymentPostprocessing = 0;
		};
/* End PBXSourcesBuildPhase section */

/* Begin PBXTargetDependency section */
		32692A9F2765C73400739CE7 /* PBXTargetDependency */ = {
			isa = PBXTargetDependency;
			target = 32692A862765C72D00739CE7 /* final_project */;
			targetProxy = 32692A9E2765C73400739CE7 /* PBXContainerItemProxy */;
		};
		32692AA92765C73500739CE7 /* PBXTargetDependency */ = {
			isa = PBXTargetDependency;
			target = 32692A862765C72D00739CE7 /* final_project */;
			targetProxy = 32692AA82765C73500739CE7 /* PBXContainerItemProxy */;
		};
/* End PBXTargetDependency section */

/* Begin PBXVariantGroup section */
		32692A902765C72D00739CE7 /* Main.storyboard */ = {
			isa = PBXVariantGroup;
			children = (
				32692A912765C72D00739CE7 /* Base */,
			);
			name = Main.storyboard;
			sourceTree = "<group>";
		};
		32692A952765C73400739CE7 /* LaunchScreen.storyboard */ = {
			isa = PBXVariantGroup;
			children = (
				32692A962765C73400739CE7 /* Base */,
			);
			name = LaunchScreen.storyboard;
			sourceTree = "<group>";
		};
/* End PBXVariantGroup section */

/* Begin XCBuildConfiguration section */
		32692AAF2765C73500739CE7 /* Debug */ = {
			isa = XCBuildConfiguration;
			buildSettings = {
				ALWAYS_SEARCH_USER_PATHS = NO;
				CLANG_ANALYZER_NONNULL = YES;
				CLANG_ANALYZER_NUMBER_OBJECT_CONVERSION = YES_AGGRESSIVE;
				CLANG_CXX_LANGUAGE_STANDARD = "gnu++17";
				CLANG_CXX_LIBRARY = "libc++";
				CLANG_ENABLE_MODULES = YES;
				CLANG_ENABLE_OBJC_ARC = YES;
				CLANG_ENABLE_OBJC_WEAK = YES;
				CLANG_WARN_BLOCK_CAPTURE_AUTORELEASING = YES;
				CLANG_WARN_BOOL_CONVERSION = YES;
				CLANG_WARN_COMMA = YES;
				CLANG_WARN_CONSTANT_CONVERSION = YES;
				CLANG_WARN_DEPRECATED_OBJC_IMPLEMENTATIONS = YES;
				CLANG_WARN_DIRECT_OBJC_ISA_USAGE = YES_ERROR;
				CLANG_WARN_DOCUMENTATION_COMMENTS = YES;
				CLANG_WARN_EMPTY_BODY = YES;
				CLANG_WARN_ENUM_CONVERSION = YES;
				CLANG_WARN_INFINITE_RECURSION = YES;
				CLANG_WARN_INT_CONVERSION = YES;
				CLANG_WARN_NON_LITERAL_NULL_CONVERSION = YES;
				CLANG_WARN_OBJC_IMPLICIT_RETAIN_SELF = YES;
				CLANG_WARN_OBJC_LITERAL_CONVERSION = YES;
				CLANG_WARN_OBJC_ROOT_CLASS = YES_ERROR;
				CLANG_WARN_QUOTED_INCLUDE_IN_FRAMEWORK_HEADER = YES;
				CLANG_WARN_RANGE_LOOP_ANALYSIS = YES;
				CLANG_WARN_STRICT_PROTOTYPES = YES;
				CLANG_WARN_SUSPICIOUS_MOVE = YES;
				CLANG_WARN_UNGUARDED_AVAILABILITY = YES_AGGRESSIVE;
				CLANG_WARN_UNREACHABLE_CODE = YES;
				CLANG_WARN__DUPLICATE_METHOD_MATCH = YES;
				COPY_PHASE_STRIP = NO;
				DEBUG_INFORMATION_FORMAT = dwarf;
				ENABLE_STRICT_OBJC_MSGSEND = YES;
				ENABLE_TESTABILITY = YES;
				GCC_C_LANGUAGE_STANDARD = gnu11;
				GCC_DYNAMIC_NO_PIC = NO;
				GCC_NO_COMMON_BLOCKS = YES;
				GCC_OPTIMIZATION_LEVEL = 0;
				GCC_PREPROCESSOR_DEFINITIONS = (
					"DEBUG=1",
					"$(inherited)",
				);
				GCC_WARN_64_TO_32_BIT_CONVERSION = YES;
				GCC_WARN_ABOUT_RETURN_TYPE = YES_ERROR;
				GCC_WARN_UNDECLARED_SELECTOR = YES;
				GCC_WARN_UNINITIALIZED_AUTOS = YES_AGGRESSIVE;
				GCC_WARN_UNUSED_FUNCTION = YES;
				GCC_WARN_UNUSED_VARIABLE = YES;
				IPHONEOS_DEPLOYMENT_TARGET = 15.0;
				MTL_ENABLE_DEBUG_INFO = INCLUDE_SOURCE;
				MTL_FAST_MATH = YES;
				ONLY_ACTIVE_ARCH = YES;
				SDKROOT = iphoneos;
				SWIFT_ACTIVE_COMPILATION_CONDITIONS = DEBUG;
				SWIFT_OPTIMIZATION_LEVEL = "-Onone";
			};
			name = Debug;
		};
		32692AB02765C73500739CE7 /* Release */ = {
			isa = XCBuildConfiguration;
			buildSettings = {
				ALWAYS_SEARCH_USER_PATHS = NO;
				CLANG_ANALYZER_NONNULL = YES;
				CLANG_ANALYZER_NUMBER_OBJECT_CONVERSION = YES_AGGRESSIVE;
				CLANG_CXX_LANGUAGE_STANDARD = "gnu++17";
				CLANG_CXX_LIBRARY = "libc++";
				CLANG_ENABLE_MODULES = YES;
				CLANG_ENABLE_OBJC_ARC = YES;
				CLANG_ENABLE_OBJC_WEAK = YES;
				CLANG_WARN_BLOCK_CAPTURE_AUTORELEASING = YES;
				CLANG_WARN_BOOL_CONVERSION = YES;
				CLANG_WARN_COMMA = YES;
				CLANG_WARN_CONSTANT_CONVERSION = YES;
				CLANG_WARN_DEPRECATED_OBJC_IMPLEMENTATIONS = YES;
				CLANG_WARN_DIRECT_OBJC_ISA_USAGE = YES_ERROR;
				CLANG_WARN_DOCUMENTATION_COMMENTS = YES;
				CLANG_WARN_EMPTY_BODY = YES;
				CLANG_WARN_ENUM_CONVERSION = YES;
				CLANG_WARN_INFINITE_RECURSION = YES;
				CLANG_WARN_INT_CONVERSION = YES;
				CLANG_WARN_NON_LITERAL_NULL_CONVERSION = YES;
				CLANG_WARN_OBJC_IMPLICIT_RETAIN_SELF = YES;
				CLANG_WARN_OBJC_LITERAL_CONVERSION = YES;
				CLANG_WARN_OBJC_ROOT_CLASS = YES_ERROR;
				CLANG_WARN_QUOTED_INCLUDE_IN_FRAMEWORK_HEADER = YES;
				CLANG_WARN_RANGE_LOOP_ANALYSIS = YES;
				CLANG_WARN_STRICT_PROTOTYPES = YES;
				CLANG_WARN_SUSPICIOUS_MOVE = YES;
				CLANG_WARN_UNGUARDED_AVAILABILITY = YES_AGGRESSIVE;
				CLANG_WARN_UNREACHABLE_CODE = YES;
				CLANG_WARN__DUPLICATE_METHOD_MATCH = YES;
				COPY_PHASE_STRIP = NO;
				DEBUG_INFORMATION_FORMAT = "dwarf-with-dsym";
				ENABLE_NS_ASSERTIONS = NO;
				ENABLE_STRICT_OBJC_MSGSEND = YES;
				GCC_C_LANGUAGE_STANDARD = gnu11;
				GCC_NO_COMMON_BLOCKS = YES;
				GCC_WARN_64_TO_32_BIT_CONVERSION = YES;
				GCC_WARN_ABOUT_RETURN_TYPE = YES_ERROR;
				GCC_WARN_UNDECLARED_SELECTOR = YES;
				GCC_WARN_UNINITIALIZED_AUTOS = YES_AGGRESSIVE;
				GCC_WARN_UNUSED_FUNCTION = YES;
				GCC_WARN_UNUSED_VARIABLE = YES;
				IPHONEOS_DEPLOYMENT_TARGET = 15.0;
				MTL_ENABLE_DEBUG_INFO = NO;
				MTL_FAST_MATH = YES;
				SDKROOT = iphoneos;
				SWIFT_COMPILATION_MODE = wholemodule;
				SWIFT_OPTIMIZATION_LEVEL = "-O";
				VALIDATE_PRODUCT = YES;
			};
			name = Release;
		};
		32692AB22765C73500739CE7 /* Debug */ = {
			isa = XCBuildConfiguration;
			buildSettings = {
				ASSETCATALOG_COMPILER_APPICON_NAME = AppIcon;
				ASSETCATALOG_COMPILER_GLOBAL_ACCENT_COLOR_NAME = AccentColor;
				CODE_SIGN_STYLE = Automatic;
				CURRENT_PROJECT_VERSION = 1;
				GENERATE_INFOPLIST_FILE = YES;
				INFOPLIST_FILE = final_project/Info.plist;
				INFOPLIST_KEY_UIApplicationSupportsIndirectInputEvents = YES;
				INFOPLIST_KEY_UILaunchStoryboardName = LaunchScreen;
				INFOPLIST_KEY_UIMainStoryboardFile = Main;
				INFOPLIST_KEY_UISupportedInterfaceOrientations_iPad = "UIInterfaceOrientationPortrait UIInterfaceOrientationPortraitUpsideDown UIInterfaceOrientationLandscapeLeft UIInterfaceOrientationLandscapeRight";
				INFOPLIST_KEY_UISupportedInterfaceOrientations_iPhone = "UIInterfaceOrientationPortrait UIInterfaceOrientationLandscapeLeft UIInterfaceOrientationLandscapeRight";
				LD_RUNPATH_SEARCH_PATHS = (
					"$(inherited)",
					"@executable_path/Frameworks",
				);
				MARKETING_VERSION = 1.0;
				PRODUCT_BUNDLE_IDENTIFIER = "ca.humber.final-project";
				PRODUCT_NAME = "$(TARGET_NAME)";
				SWIFT_EMIT_LOC_STRINGS = YES;
				SWIFT_VERSION = 5.0;
				TARGETED_DEVICE_FAMILY = "1,2";
			};
			name = Debug;
		};
		32692AB32765C73500739CE7 /* Release */ = {
			isa = XCBuildConfiguration;
			buildSettings = {
				ASSETCATALOG_COMPILER_APPICON_NAME = AppIcon;
				ASSETCATALOG_COMPILER_GLOBAL_ACCENT_COLOR_NAME = AccentColor;
				CODE_SIGN_STYLE = Automatic;
				CURRENT_PROJECT_VERSION = 1;
				GENERATE_INFOPLIST_FILE = YES;
				INFOPLIST_FILE = final_project/Info.plist;
				INFOPLIST_KEY_UIApplicationSupportsIndirectInputEvents = YES;
				INFOPLIST_KEY_UILaunchStoryboardName = LaunchScreen;
				INFOPLIST_KEY_UIMainStoryboardFile = Main;
				INFOPLIST_KEY_UISupportedInterfaceOrientations_iPad = "UIInterfaceOrientationPortrait UIInterfaceOrientationPortraitUpsideDown UIInterfaceOrientationLandscapeLeft UIInterfaceOrientationLandscapeRight";
				INFOPLIST_KEY_UISupportedInterfaceOrientations_iPhone = "UIInterfaceOrientationPortrait UIInterfaceOrientationLandscapeLeft UIInterfaceOrientationLandscapeRight";
				LD_RUNPATH_SEARCH_PATHS = (
					"$(inherited)",
					"@executable_path/Frameworks",
				);
				MARKETING_VERSION = 1.0;
				PRODUCT_BUNDLE_IDENTIFIER = "ca.humber.final-project";
				PRODUCT_NAME = "$(TARGET_NAME)";
				SWIFT_EMIT_LOC_STRINGS = YES;
				SWIFT_VERSION = 5.0;
				TARGETED_DEVICE_FAMILY = "1,2";
			};
			name = Release;
		};
		32692AB52765C73500739CE7 /* Debug */ = {
			isa = XCBuildConfiguration;
			buildSettings = {
				ALWAYS_EMBED_SWIFT_STANDARD_LIBRARIES = YES;
				BUNDLE_LOADER = "$(TEST_HOST)";
				CODE_SIGN_STYLE = Automatic;
				CURRENT_PROJECT_VERSION = 1;
				GENERATE_INFOPLIST_FILE = YES;
				IPHONEOS_DEPLOYMENT_TARGET = 15.0;
				LD_RUNPATH_SEARCH_PATHS = (
					"$(inherited)",
					"@executable_path/Frameworks",
					"@loader_path/Frameworks",
				);
				MARKETING_VERSION = 1.0;
				PRODUCT_BUNDLE_IDENTIFIER = "ca.humber.final-projectTests";
				PRODUCT_NAME = "$(TARGET_NAME)";
				SWIFT_EMIT_LOC_STRINGS = NO;
				SWIFT_VERSION = 5.0;
				TARGETED_DEVICE_FAMILY = "1,2";
				TEST_HOST = "$(BUILT_PRODUCTS_DIR)/final_project.app/final_project";
			};
			name = Debug;
		};
		32692AB62765C73500739CE7 /* Release */ = {
			isa = XCBuildConfiguration;
			buildSettings = {
				ALWAYS_EMBED_SWIFT_STANDARD_LIBRARIES = YES;
				BUNDLE_LOADER = "$(TEST_HOST)";
				CODE_SIGN_STYLE = Automatic;
				CURRENT_PROJECT_VERSION = 1;
				GENERATE_INFOPLIST_FILE = YES;
				IPHONEOS_DEPLOYMENT_TARGET = 15.0;
				LD_RUNPATH_SEARCH_PATHS = (
					"$(inherited)",
					"@executable_path/Frameworks",
					"@loader_path/Frameworks",
				);
				MARKETING_VERSION = 1.0;
				PRODUCT_BUNDLE_IDENTIFIER = "ca.humber.final-projectTests";
				PRODUCT_NAME = "$(TARGET_NAME)";
				SWIFT_EMIT_LOC_STRINGS = NO;
				SWIFT_VERSION = 5.0;
				TARGETED_DEVICE_FAMILY = "1,2";
				TEST_HOST = "$(BUILT_PRODUCTS_DIR)/final_project.app/final_project";
			};
			name = Release;
		};
		32692AB82765C73500739CE7 /* Debug */ = {
			isa = XCBuildConfiguration;
			buildSettings = {
				ALWAYS_EMBED_SWIFT_STANDARD_LIBRARIES = YES;
				CODE_SIGN_STYLE = Automatic;
				CURRENT_PROJECT_VERSION = 1;
				GENERATE_INFOPLIST_FILE = YES;
				LD_RUNPATH_SEARCH_PATHS = (
					"$(inherited)",
					"@executable_path/Frameworks",
					"@loader_path/Frameworks",
				);
				MARKETING_VERSION = 1.0;
				PRODUCT_BUNDLE_IDENTIFIER = "ca.humber.final-projectUITests";
				PRODUCT_NAME = "$(TARGET_NAME)";
				SWIFT_EMIT_LOC_STRINGS = NO;
				SWIFT_VERSION = 5.0;
				TARGETED_DEVICE_FAMILY = "1,2";
				TEST_TARGET_NAME = final_project;
			};
			name = Debug;
		};
		32692AB92765C73500739CE7 /* Release */ = {
			isa = XCBuildConfiguration;
			buildSettings = {
				ALWAYS_EMBED_SWIFT_STANDARD_LIBRARIES = YES;
				CODE_SIGN_STYLE = Automatic;
				CURRENT_PROJECT_VERSION = 1;
				GENERATE_INFOPLIST_FILE = YES;
				LD_RUNPATH_SEARCH_PATHS = (
					"$(inherited)",
					"@executable_path/Frameworks",
					"@loader_path/Frameworks",
				);
				MARKETING_VERSION = 1.0;
				PRODUCT_BUNDLE_IDENTIFIER = "ca.humber.final-projectUITests";
				PRODUCT_NAME = "$(TARGET_NAME)";
				SWIFT_EMIT_LOC_STRINGS = NO;
				SWIFT_VERSION = 5.0;
				TARGETED_DEVICE_FAMILY = "1,2";
				TEST_TARGET_NAME = final_project;
			};
			name = Release;
		};
/* End XCBuildConfiguration section */

/* Begin XCConfigurationList section */
		32692A822765C72D00739CE7 /* Build configuration list for PBXProject "final_project" */ = {
			isa = XCConfigurationList;
			buildConfigurations = (
				32692AAF2765C73500739CE7 /* Debug */,
				32692AB02765C73500739CE7 /* Release */,
			);
			defaultConfigurationIsVisible = 0;
			defaultConfigurationName = Release;
		};
		32692AB12765C73500739CE7 /* Build configuration list for PBXNativeTarget "final_project" */ = {
			isa = XCConfigurationList;
			buildConfigurations = (
				32692AB22765C73500739CE7 /* Debug */,
				32692AB32765C73500739CE7 /* Release */,
			);
			defaultConfigurationIsVisible = 0;
			defaultConfigurationName = Release;
		};
		32692AB42765C73500739CE7 /* Build configuration list for PBXNativeTarget "final_projectTests" */ = {
			isa = XCConfigurationList;
			buildConfigurations = (
				32692AB52765C73500739CE7 /* Debug */,
				32692AB62765C73500739CE7 /* Release */,
			);
			defaultConfigurationIsVisible = 0;
			defaultConfigurationName = Release;
		};
		32692AB72765C73500739CE7 /* Build configuration list for PBXNativeTarget "final_projectUITests" */ = {
			isa = XCConfigurationList;
			buildConfigurations = (
				32692AB82765C73500739CE7 /* Debug */,
				32692AB92765C73500739CE7 /* Release */,
			);
			defaultConfigurationIsVisible = 0;
			defaultConfigurationName = Release;
		};
/* End XCConfigurationList section */
	};
	rootObject = 32692A7F2765C72D00739CE7 /* Project object */;
}
